[[package]]
name = "matches"
version = "0.1.6"
source = "registry+https://github.com/rust-lang/crates.io-index"

[[package]]
name = "stringreader"
version = "0.1.1"
source = "registry+https://github.com/rust-lang/crates.io-index"

[[package]]
name = "toy-redis"
version = "0.1.0"
dependencies = [
 "matches 0.1.6 (registry+https://github.com/rust-lang/crates.io-index)",
 "stringreader 0.1.1 (registry+https://github.com/rust-lang/crates.io-index)",
]

[metadata]
"checksum matches 0.1.6 (registry+https://github.com/rust-lang/crates.io-index)" = "100aabe6b8ff4e4a7e32c1c13523379802df0772b82466207ac25b013f193376"
"checksum stringreader 0.1.1 (registry+https://github.com/rust-lang/crates.io-index)" = "913e7b03d63752f6cdd2df77da36749d82669904798fe8944b9ec3d23f159905"
